github.com/fullsailor/pkcs7 v0.0.0-20190404230743-d7302db945fa h1:RDBNVkRviHZtvDvId8XSGPu3rmpmSe+wKRcEWNgsfWU=
github.com/fullsailor/pkcs7 v0.0.0-20190404230743-d7302db945fa/go.mod h1:KnogPXtdwXqoenmZCw6S+25EAm2MkxbG0deNDu4cbSA=
github.com/mattn/go-sqlite3 v1.14.17 h1:mCRHCLDUBXgpKAqIKsaAaAsrAlbkeomtRFKXh2L6YIM=
github.com/mattn/go-sqlite3 v1.14.17/go.mod h1:2eHXhiwb8IkHr+BDWZGa96P6+rkvnG63S2DGjv9HUNg=
